
Microsoft Visual Studio Solution File, Format Version 12.00
# Visual Studio Version 16
VisualStudioVersion = 16.0.31624.102
MinimumVisualStudioVersion = 10.0.40219.1
Project("{FAE04EC0-301F-11D3-BF4B-00C04F79EFBC}") = "Lab_01", "Lab_01\Lab_01.csproj", "{76C5E5B8-CE92-4CD2-91BA-C0F2ACE2A3FB}"
EndProject
Global
	GlobalSection(SolutionConfigurationPlatforms) = preSolution
		Debug|Any CPU = Debug|Any CPU
		Release|Any CPU = Release|Any CPU
	EndGlobalSection
	GlobalSection(ProjectConfigurationPlatforms) = postSolution
		{76C5E5B8-CE92-4CD2-91BA-C0F2ACE2A3FB}.Debug|Any CPU.ActiveCfg = Debug|Any CPU
		{76C5E5B8-CE92-4CD2-91BA-C0F2ACE2A3FB}.Debug|Any CPU.Build.0 = Debug|Any CPU
		{76C5E5B8-CE92-4CD2-91BA-C0F2ACE2A3FB}.Release|Any CPU.ActiveCfg = Release|Any CPU
		{76C5E5B8-CE92-4CD2-91BA-C0F2ACE2A3FB}.Release|Any CPU.Build.0 = Release|Any CPU
	EndGlobalSection
	GlobalSection(SolutionProperties) = preSolution
		HideSolutionNode = FALSE
	EndGlobalSection
	GlobalSection(ExtensibilityGlobals) = postSolution
		SolutionGuid = {4BECAA44-1D1F-4556-ACCB-B25EA4A27FD3}
	EndGlobalSection
EndGlobal
