
Microsoft Visual Studio Solution File, Format Version 12.00
# Visual Studio Version 16
VisualStudioVersion = 16.0.31624.102
MinimumVisualStudioVersion = 10.0.40219.1
Project("{9A19103F-16F7-4668-BE54-9A1E7A4F7556}") = "Lab2", "Lab2\Lab2.csproj", "{1E4AD85D-78F2-4163-8E60-19076798E220}"
EndProject
Project("{9A19103F-16F7-4668-BE54-9A1E7A4F7556}") = "Lab_2", "..\Lab_2\Lab_2\Lab_2.csproj", "{DC84A217-427B-4E02-8D1E-939DBD6C517E}"
EndProject
Project("{9A19103F-16F7-4668-BE54-9A1E7A4F7556}") = "lab3", "..\lab3\lab3\lab3.csproj", "{1E0324EF-46B3-4203-9844-08B0B56E4690}"
EndProject
Project("{FAE04EC0-301F-11D3-BF4B-00C04F79EFBC}") = "lab4 06.05.2022", "lab4 06.05.2022\lab4 06.05.2022.csproj", "{A5B8AD80-D7F2-4998-B1BB-088D328DCD99}"
EndProject
Project("{FAE04EC0-301F-11D3-BF4B-00C04F79EFBC}") = "WindowsFormsApp1", "WindowsFormsApp1\WindowsFormsApp1.csproj", "{FCEFA709-F9D7-4CF4-A415-52B192ACAFB5}"
EndProject
Global
	GlobalSection(SolutionConfigurationPlatforms) = preSolution
		Debug|Any CPU = Debug|Any CPU
		Release|Any CPU = Release|Any CPU
	EndGlobalSection
	GlobalSection(ProjectConfigurationPlatforms) = postSolution
		{1E4AD85D-78F2-4163-8E60-19076798E220}.Debug|Any CPU.ActiveCfg = Debug|Any CPU
		{1E4AD85D-78F2-4163-8E60-19076798E220}.Debug|Any CPU.Build.0 = Debug|Any CPU
		{1E4AD85D-78F2-4163-8E60-19076798E220}.Release|Any CPU.ActiveCfg = Release|Any CPU
		{1E4AD85D-78F2-4163-8E60-19076798E220}.Release|Any CPU.Build.0 = Release|Any CPU
		{DC84A217-427B-4E02-8D1E-939DBD6C517E}.Debug|Any CPU.ActiveCfg = Debug|Any CPU
		{DC84A217-427B-4E02-8D1E-939DBD6C517E}.Debug|Any CPU.Build.0 = Debug|Any CPU
		{DC84A217-427B-4E02-8D1E-939DBD6C517E}.Release|Any CPU.ActiveCfg = Release|Any CPU
		{DC84A217-427B-4E02-8D1E-939DBD6C517E}.Release|Any CPU.Build.0 = Release|Any CPU
		{1E0324EF-46B3-4203-9844-08B0B56E4690}.Debug|Any CPU.ActiveCfg = Debug|Any CPU
		{1E0324EF-46B3-4203-9844-08B0B56E4690}.Debug|Any CPU.Build.0 = Debug|Any CPU
		{1E0324EF-46B3-4203-9844-08B0B56E4690}.Release|Any CPU.ActiveCfg = Release|Any CPU
		{1E0324EF-46B3-4203-9844-08B0B56E4690}.Release|Any CPU.Build.0 = Release|Any CPU
		{A5B8AD80-D7F2-4998-B1BB-088D328DCD99}.Debug|Any CPU.ActiveCfg = Debug|Any CPU
		{A5B8AD80-D7F2-4998-B1BB-088D328DCD99}.Debug|Any CPU.Build.0 = Debug|Any CPU
		{A5B8AD80-D7F2-4998-B1BB-088D328DCD99}.Release|Any CPU.ActiveCfg = Release|Any CPU
		{A5B8AD80-D7F2-4998-B1BB-088D328DCD99}.Release|Any CPU.Build.0 = Release|Any CPU
		{FCEFA709-F9D7-4CF4-A415-52B192ACAFB5}.Debug|Any CPU.ActiveCfg = Debug|Any CPU
		{FCEFA709-F9D7-4CF4-A415-52B192ACAFB5}.Debug|Any CPU.Build.0 = Debug|Any CPU
		{FCEFA709-F9D7-4CF4-A415-52B192ACAFB5}.Release|Any CPU.ActiveCfg = Release|Any CPU
		{FCEFA709-F9D7-4CF4-A415-52B192ACAFB5}.Release|Any CPU.Build.0 = Release|Any CPU
	EndGlobalSection
	GlobalSection(SolutionProperties) = preSolution
		HideSolutionNode = FALSE
	EndGlobalSection
	GlobalSection(ExtensibilityGlobals) = postSolution
		SolutionGuid = {3C7B314D-8566-4D78-97DB-C0633F6C051B}
	EndGlobalSection
EndGlobal
