
Microsoft Visual Studio Solution File, Format Version 12.00
# Visual Studio Version 16
VisualStudioVersion = 16.0.32106.194
MinimumVisualStudioVersion = 10.0.40219.1
Project("{9A19103F-16F7-4668-BE54-9A1E7A4F7556}") = "lab2", "lab2.csproj", "{30C2D9F9-4231-4C21-B9DF-E74C21088BAE}"
EndProject
Project("{FAE04EC0-301F-11D3-BF4B-00C04F79EFBC}") = "LAB8", "..\LAB8\LAB8.csproj", "{EFD1264C-D069-4F12-B36F-99144804963B}"
EndProject
Global
	GlobalSection(SolutionConfigurationPlatforms) = preSolution
		Debug|Any CPU = Debug|Any CPU
		Release|Any CPU = Release|Any CPU
	EndGlobalSection
	GlobalSection(ProjectConfigurationPlatforms) = postSolution
		{30C2D9F9-4231-4C21-B9DF-E74C21088BAE}.Debug|Any CPU.ActiveCfg = Debug|Any CPU
		{30C2D9F9-4231-4C21-B9DF-E74C21088BAE}.Debug|Any CPU.Build.0 = Debug|Any CPU
		{30C2D9F9-4231-4C21-B9DF-E74C21088BAE}.Release|Any CPU.ActiveCfg = Release|Any CPU
		{30C2D9F9-4231-4C21-B9DF-E74C21088BAE}.Release|Any CPU.Build.0 = Release|Any CPU
		{EFD1264C-D069-4F12-B36F-99144804963B}.Debug|Any CPU.ActiveCfg = Debug|Any CPU
		{EFD1264C-D069-4F12-B36F-99144804963B}.Debug|Any CPU.Build.0 = Debug|Any CPU
		{EFD1264C-D069-4F12-B36F-99144804963B}.Release|Any CPU.ActiveCfg = Release|Any CPU
		{EFD1264C-D069-4F12-B36F-99144804963B}.Release|Any CPU.Build.0 = Release|Any CPU
	EndGlobalSection
	GlobalSection(SolutionProperties) = preSolution
		HideSolutionNode = FALSE
	EndGlobalSection
	GlobalSection(ExtensibilityGlobals) = postSolution
		SolutionGuid = {BC137B17-C0B2-439B-9468-CE12CC140F2F}
	EndGlobalSection
EndGlobal
